
Microsoft Visual Studio Solution File, Format Version 12.00
# Visual Studio 14
VisualStudioVersion = 14.0.25029.0
MinimumVisualStudioVersion = 10.0.40219.1
Project("{FAE04EC0-301F-11D3-BF4B-00C04F79EFBC}") = "Test", "Test\Test.csproj", "{73B15842-E015-45FB-953B-8D7967A24B09}"
EndProject
Project("{FAE04EC0-301F-11D3-BF4B-00C04F79EFBC}") = "Mint.Parser", "Mint.Parser\Mint.Parser.csproj", "{7E8EB224-55E0-408E-AFDA-0258E01211CE}"
EndProject
Project("{FAE04EC0-301F-11D3-BF4B-00C04F79EFBC}") = "Mint.VM", "Mint.VM\Mint.VM.csproj", "{B446F5D9-5BCC-4B36-945D-FF50036C85D4}"
EndProject
Global
	GlobalSection(SolutionConfigurationPlatforms) = preSolution
		Debug|Any CPU = Debug|Any CPU
		Release|Any CPU = Release|Any CPU
	EndGlobalSection
	GlobalSection(ProjectConfigurationPlatforms) = postSolution
		{73B15842-E015-45FB-953B-8D7967A24B09}.Debug|Any CPU.ActiveCfg = Debug|Any CPU
		{73B15842-E015-45FB-953B-8D7967A24B09}.Debug|Any CPU.Build.0 = Debug|Any CPU
		{73B15842-E015-45FB-953B-8D7967A24B09}.Release|Any CPU.ActiveCfg = Release|Any CPU
		{73B15842-E015-45FB-953B-8D7967A24B09}.Release|Any CPU.Build.0 = Release|Any CPU
		{7E8EB224-55E0-408E-AFDA-0258E01211CE}.Debug|Any CPU.ActiveCfg = Debug|Any CPU
		{7E8EB224-55E0-408E-AFDA-0258E01211CE}.Debug|Any CPU.Build.0 = Debug|Any CPU
		{7E8EB224-55E0-408E-AFDA-0258E01211CE}.Release|Any CPU.ActiveCfg = Release|Any CPU
		{7E8EB224-55E0-408E-AFDA-0258E01211CE}.Release|Any CPU.Build.0 = Release|Any CPU
		{B446F5D9-5BCC-4B36-945D-FF50036C85D4}.Debug|Any CPU.ActiveCfg = Debug|Any CPU
		{B446F5D9-5BCC-4B36-945D-FF50036C85D4}.Debug|Any CPU.Build.0 = Debug|Any CPU
		{B446F5D9-5BCC-4B36-945D-FF50036C85D4}.Release|Any CPU.ActiveCfg = Release|Any CPU
		{B446F5D9-5BCC-4B36-945D-FF50036C85D4}.Release|Any CPU.Build.0 = Release|Any CPU
	EndGlobalSection
	GlobalSection(SolutionProperties) = preSolution
		HideSolutionNode = FALSE
	EndGlobalSection
EndGlobal
